
Microsoft Visual Studio Solution File, Format Version 11.00
# Visual Studio 2010
Project("{C957A695-6D70-AAC7-A8BC-D04B3AACCD4A}") = "KitcenMouse", "Assembly-UnityScript.unityproj", "{7BFC03F7-AAF0-4884-499C-772C29850010}"
EndProject
Project("{FAE04EC0-301F-11D3-BF4B-00C04F79EFBC}") = "KitcenMouse", "Assembly-CSharp.csproj", "{CA530536-16D0-99B1-AD0B-DAF5D8B0D9DD}"
EndProject
Global
	GlobalSection(SolutionConfigurationPlatforms) = preSolution
		Debug|Any CPU = Debug|Any CPU
		Release|Any CPU = Release|Any CPU
	EndGlobalSection
	GlobalSection(ProjectConfigurationPlatforms) = postSolution
		{7BFC03F7-AAF0-4884-499C-772C29850010}.Debug|Any CPU.ActiveCfg = Debug|Any CPU
		{7BFC03F7-AAF0-4884-499C-772C29850010}.Debug|Any CPU.Build.0 = Debug|Any CPU
		{7BFC03F7-AAF0-4884-499C-772C29850010}.Release|Any CPU.ActiveCfg = Release|Any CPU
		{7BFC03F7-AAF0-4884-499C-772C29850010}.Release|Any CPU.Build.0 = Release|Any CPU
		{CA530536-16D0-99B1-AD0B-DAF5D8B0D9DD}.Debug|Any CPU.ActiveCfg = Debug|Any CPU
		{CA530536-16D0-99B1-AD0B-DAF5D8B0D9DD}.Debug|Any CPU.Build.0 = Debug|Any CPU
		{CA530536-16D0-99B1-AD0B-DAF5D8B0D9DD}.Release|Any CPU.ActiveCfg = Release|Any CPU
		{CA530536-16D0-99B1-AD0B-DAF5D8B0D9DD}.Release|Any CPU.Build.0 = Release|Any CPU
	EndGlobalSection
	GlobalSection(SolutionProperties) = preSolution
		HideSolutionNode = FALSE
	EndGlobalSection
	GlobalSection(MonoDevelopProperties) = preSolution
		StartupItem = Assembly-CSharp.csproj
	EndGlobalSection
EndGlobal
